
Microsoft Visual Studio Solution File, Format Version 12.00
# Visual Studio Version 16
VisualStudioVersion = 16.0.32413.511
MinimumVisualStudioVersion = 10.0.40219.1
Project("{FAE04EC0-301F-11D3-BF4B-00C04F79EFBC}") = "ZebraPrinters", "ZebraPrinters.csproj", "{13F1EC86-AC73-4833-BD14-1A5EEB86ADE3}"
EndProject
Global
	GlobalSection(SolutionConfigurationPlatforms) = preSolution
		Debug|Any CPU = Debug|Any CPU
		Release|Any CPU = Release|Any CPU
	EndGlobalSection
	GlobalSection(ProjectConfigurationPlatforms) = postSolution
		{13F1EC86-AC73-4833-BD14-1A5EEB86ADE3}.Debug|Any CPU.ActiveCfg = Debug|Any CPU
		{13F1EC86-AC73-4833-BD14-1A5EEB86ADE3}.Debug|Any CPU.Build.0 = Debug|Any CPU
		{13F1EC86-AC73-4833-BD14-1A5EEB86ADE3}.Release|Any CPU.ActiveCfg = Release|Any CPU
		{13F1EC86-AC73-4833-BD14-1A5EEB86ADE3}.Release|Any CPU.Build.0 = Release|Any CPU
	EndGlobalSection
	GlobalSection(SolutionProperties) = preSolution
		HideSolutionNode = FALSE
	EndGlobalSection
	GlobalSection(ExtensibilityGlobals) = postSolution
		SolutionGuid = {C8D3E78A-0650-4681-9163-1DBA3D2F72EB}
	EndGlobalSection
EndGlobal
